{
  "name": "home",
  "lockfileVersion": 2,
  "requires": true,
  "packages": {
    "": {
      "dependencies": {
        "all-the-package-names": "^2.0.303"
      }
    },
    "node_modules/all-the-package-names": {
      "version": "2.0.303",
      "resolved": "https://registry.npmjs.org/all-the-package-names/-/all-the-package-names-2.0.303.tgz",
      "integrity": "sha512-H5Bw9iCzKDnfcbzJVJtczfZBjUKyrzXvJbZ+AaFJr+imoYwChC3j4/57MtMgTTm/noPOZq6Dl3zVh/r3it1L5A==",
      "bin": {
        "all-the-package-names": "cli.js"
      }
    }
  },
  "dependencies": {
    "all-the-package-names": {
      "version": "2.0.303",
      "resolved": "https://registry.npmjs.org/all-the-package-names/-/all-the-package-names-2.0.303.tgz",
      "integrity": "sha512-H5Bw9iCzKDnfcbzJVJtczfZBjUKyrzXvJbZ+AaFJr+imoYwChC3j4/57MtMgTTm/noPOZq6Dl3zVh/r3it1L5A=="
    }
  }
}
